
Microsoft Visual Studio Solution File, Format Version 12.00
# Visual Studio 15
VisualStudioVersion = 15.0.26430.15
MinimumVisualStudioVersion = 10.0.40219.1
Project("{FAE04EC0-301F-11D3-BF4B-00C04F79EFBC}") = "FTPUse-gui", "FTPUse-gui\FTPUse-gui.csproj", "{1251636E-A501-4E18-95CB-936445360BCB}"
EndProject
Global
	GlobalSection(SolutionConfigurationPlatforms) = preSolution
		Debug|Any CPU = Debug|Any CPU
		Release|Any CPU = Release|Any CPU
	EndGlobalSection
	GlobalSection(ProjectConfigurationPlatforms) = postSolution
		{1251636E-A501-4E18-95CB-936445360BCB}.Debug|Any CPU.ActiveCfg = Debug|Any CPU
		{1251636E-A501-4E18-95CB-936445360BCB}.Debug|Any CPU.Build.0 = Debug|Any CPU
		{1251636E-A501-4E18-95CB-936445360BCB}.Release|Any CPU.ActiveCfg = Release|Any CPU
		{1251636E-A501-4E18-95CB-936445360BCB}.Release|Any CPU.Build.0 = Release|Any CPU
	EndGlobalSection
	GlobalSection(SolutionProperties) = preSolution
		HideSolutionNode = FALSE
	EndGlobalSection
EndGlobal
